
Microsoft Visual Studio Solution File, Format Version 12.00
# Visual Studio Version 16
VisualStudioVersion = 16.0.32802.440
MinimumVisualStudioVersion = 10.0.40219.1
Project("{FAE04EC0-301F-11D3-BF4B-00C04F79EFBC}") = "Oefening 1", "Oefening 1\Oefening 1.csproj", "{6ED42764-0516-440D-AD15-3CDE4234F1C8}"
EndProject
Global
	GlobalSection(SolutionConfigurationPlatforms) = preSolution
		Debug|Any CPU = Debug|Any CPU
		Release|Any CPU = Release|Any CPU
	EndGlobalSection
	GlobalSection(ProjectConfigurationPlatforms) = postSolution
		{6ED42764-0516-440D-AD15-3CDE4234F1C8}.Debug|Any CPU.ActiveCfg = Debug|Any CPU
		{6ED42764-0516-440D-AD15-3CDE4234F1C8}.Debug|Any CPU.Build.0 = Debug|Any CPU
		{6ED42764-0516-440D-AD15-3CDE4234F1C8}.Release|Any CPU.ActiveCfg = Release|Any CPU
		{6ED42764-0516-440D-AD15-3CDE4234F1C8}.Release|Any CPU.Build.0 = Release|Any CPU
	EndGlobalSection
	GlobalSection(SolutionProperties) = preSolution
		HideSolutionNode = FALSE
	EndGlobalSection
	GlobalSection(ExtensibilityGlobals) = postSolution
		SolutionGuid = {F58121D7-584D-4631-8728-342A961632CF}
	EndGlobalSection
EndGlobal
