
Microsoft Visual Studio Solution File, Format Version 12.00
# Visual Studio Version 16
VisualStudioVersion = 16.0.32802.440
MinimumVisualStudioVersion = 10.0.40219.1
Project("{FAE04EC0-301F-11D3-BF4B-00C04F79EFBC}") = "Oefening 1", "Oefening 1\Oefening 1.csproj", "{6ED42764-0516-440D-AD15-3CDE4234F1C8}"
EndProject
Project("{FAE04EC0-301F-11D3-BF4B-00C04F79EFBC}") = "Oefening 2", "Oefening 2\Oefening 2.csproj", "{B3933FB6-FDB5-4DD4-9807-B1D340DC74AA}"
EndProject
Project("{FAE04EC0-301F-11D3-BF4B-00C04F79EFBC}") = "Oefening 3", "Oefening 3\Oefening 3.csproj", "{2C3AA6D0-557F-424D-A703-4E74294FC068}"
EndProject
Project("{FAE04EC0-301F-11D3-BF4B-00C04F79EFBC}") = "Oefening 4", "Oefening 4\Oefening 4.csproj", "{BFCF540E-3638-42C9-8D80-89AF022554B7}"
EndProject
Global
	GlobalSection(SolutionConfigurationPlatforms) = preSolution
		Debug|Any CPU = Debug|Any CPU
		Release|Any CPU = Release|Any CPU
	EndGlobalSection
	GlobalSection(ProjectConfigurationPlatforms) = postSolution
		{6ED42764-0516-440D-AD15-3CDE4234F1C8}.Debug|Any CPU.ActiveCfg = Debug|Any CPU
		{6ED42764-0516-440D-AD15-3CDE4234F1C8}.Debug|Any CPU.Build.0 = Debug|Any CPU
		{6ED42764-0516-440D-AD15-3CDE4234F1C8}.Release|Any CPU.ActiveCfg = Release|Any CPU
		{6ED42764-0516-440D-AD15-3CDE4234F1C8}.Release|Any CPU.Build.0 = Release|Any CPU
		{B3933FB6-FDB5-4DD4-9807-B1D340DC74AA}.Debug|Any CPU.ActiveCfg = Debug|Any CPU
		{B3933FB6-FDB5-4DD4-9807-B1D340DC74AA}.Debug|Any CPU.Build.0 = Debug|Any CPU
		{B3933FB6-FDB5-4DD4-9807-B1D340DC74AA}.Release|Any CPU.ActiveCfg = Release|Any CPU
		{B3933FB6-FDB5-4DD4-9807-B1D340DC74AA}.Release|Any CPU.Build.0 = Release|Any CPU
		{2C3AA6D0-557F-424D-A703-4E74294FC068}.Debug|Any CPU.ActiveCfg = Debug|Any CPU
		{2C3AA6D0-557F-424D-A703-4E74294FC068}.Debug|Any CPU.Build.0 = Debug|Any CPU
		{2C3AA6D0-557F-424D-A703-4E74294FC068}.Release|Any CPU.ActiveCfg = Release|Any CPU
		{2C3AA6D0-557F-424D-A703-4E74294FC068}.Release|Any CPU.Build.0 = Release|Any CPU
		{BFCF540E-3638-42C9-8D80-89AF022554B7}.Debug|Any CPU.ActiveCfg = Debug|Any CPU
		{BFCF540E-3638-42C9-8D80-89AF022554B7}.Debug|Any CPU.Build.0 = Debug|Any CPU
		{BFCF540E-3638-42C9-8D80-89AF022554B7}.Release|Any CPU.ActiveCfg = Release|Any CPU
		{BFCF540E-3638-42C9-8D80-89AF022554B7}.Release|Any CPU.Build.0 = Release|Any CPU
	EndGlobalSection
	GlobalSection(SolutionProperties) = preSolution
		HideSolutionNode = FALSE
	EndGlobalSection
	GlobalSection(ExtensibilityGlobals) = postSolution
		SolutionGuid = {F58121D7-584D-4631-8728-342A961632CF}
	EndGlobalSection
EndGlobal
